
Microsoft Visual Studio Solution File, Format Version 12.00
# Visual Studio Version 17
VisualStudioVersion = 17.8.34525.116
MinimumVisualStudioVersion = 10.0.40219.1
Project("{FAE04EC0-301F-11D3-BF4B-00C04F79EFBC}") = "DrawingProject.Client", "DrawingProject.Client\DrawingProject.Client.csproj", "{77364B8D-3C69-455D-AC46-486DA719706C}"
EndProject
Global
	GlobalSection(SolutionConfigurationPlatforms) = preSolution
		Debug|Any CPU = Debug|Any CPU
		Release|Any CPU = Release|Any CPU
	EndGlobalSection
	GlobalSection(ProjectConfigurationPlatforms) = postSolution
		{77364B8D-3C69-455D-AC46-486DA719706C}.Debug|Any CPU.ActiveCfg = Debug|Any CPU
		{77364B8D-3C69-455D-AC46-486DA719706C}.Debug|Any CPU.Build.0 = Debug|Any CPU
		{77364B8D-3C69-455D-AC46-486DA719706C}.Release|Any CPU.ActiveCfg = Release|Any CPU
		{77364B8D-3C69-455D-AC46-486DA719706C}.Release|Any CPU.Build.0 = Release|Any CPU
	EndGlobalSection
	GlobalSection(SolutionProperties) = preSolution
		HideSolutionNode = FALSE
	EndGlobalSection
	GlobalSection(ExtensibilityGlobals) = postSolution
		SolutionGuid = {BFAFD469-87FD-4100-8343-267DAC076FFC}
	EndGlobalSection
EndGlobal
